
Microsoft Visual Studio Solution File, Format Version 12.00
# Visual Studio 15
VisualStudioVersion = 15.0.28307.168
MinimumVisualStudioVersion = 10.0.40219.1
Project("{159641D6-6404-4A2A-AE62-294DE0FE8301}") = "SSISCallAzureFunction", "src\SSISCallAzureFunction\SSISCallAzureFunction.dtproj", "{1818ADBD-A479-493A-B6A3-D76D793FEDA8}"
EndProject
Project("{2150E333-8FDC-42A3-9474-1A3956D46DE8}") = "src", "src", "{F274B15A-1947-4D77-8165-8BDF970DC2F0}"
EndProject
Global
	GlobalSection(SolutionConfigurationPlatforms) = preSolution
		Debug|Any CPU = Debug|Any CPU
		Development|Any CPU = Development|Any CPU
		Release|Any CPU = Release|Any CPU
	EndGlobalSection
	GlobalSection(ProjectConfigurationPlatforms) = postSolution
		{1818ADBD-A479-493A-B6A3-D76D793FEDA8}.Debug|Any CPU.ActiveCfg = Development
		{1818ADBD-A479-493A-B6A3-D76D793FEDA8}.Debug|Any CPU.Build.0 = Development
		{1818ADBD-A479-493A-B6A3-D76D793FEDA8}.Development|Any CPU.ActiveCfg = Development
		{1818ADBD-A479-493A-B6A3-D76D793FEDA8}.Development|Any CPU.Build.0 = Development
		{1818ADBD-A479-493A-B6A3-D76D793FEDA8}.Release|Any CPU.ActiveCfg = Development
		{1818ADBD-A479-493A-B6A3-D76D793FEDA8}.Release|Any CPU.Build.0 = Development
		{B252502D-A006-466B-915F-3F7892746C52}.Debug|Any CPU.ActiveCfg = Debug|Any CPU
		{B252502D-A006-466B-915F-3F7892746C52}.Debug|Any CPU.Build.0 = Debug|Any CPU
		{B252502D-A006-466B-915F-3F7892746C52}.Development|Any CPU.ActiveCfg = Debug|Any CPU
		{B252502D-A006-466B-915F-3F7892746C52}.Development|Any CPU.Build.0 = Debug|Any CPU
		{B252502D-A006-466B-915F-3F7892746C52}.Release|Any CPU.ActiveCfg = Release|Any CPU
		{B252502D-A006-466B-915F-3F7892746C52}.Release|Any CPU.Build.0 = Release|Any CPU
	EndGlobalSection
	GlobalSection(SolutionProperties) = preSolution
		HideSolutionNode = FALSE
	EndGlobalSection
	GlobalSection(NestedProjects) = preSolution
		{1818ADBD-A479-493A-B6A3-D76D793FEDA8} = {F274B15A-1947-4D77-8165-8BDF970DC2F0}
		{B252502D-A006-466B-915F-3F7892746C52} = {F274B15A-1947-4D77-8165-8BDF970DC2F0}
	EndGlobalSection
	GlobalSection(ExtensibilityGlobals) = postSolution
		SolutionGuid = {8D90DA7A-083F-4D79-8CD0-DFD7C78C795D}
	EndGlobalSection
EndGlobal
